{
  "originHash" : "15b5316812c0dafc1f9dd366b535ec490d323c854179d9a7c01bd43892fce0e0",
  "pins" : [
    {
      "identity" : "ffmpeg-kit-spm",
      "kind" : "remoteSourceControl",
      "location" : "https://github.com/tylerjonesio/ffmpeg-kit-spm",
      "state" : {
        "revision" : "6053b0e4f8607314ff5e14e0b18fc250c0f87c9b"
      }
    },
    {
      "identity" : "onnxruntime-swift-package-manager",
      "kind" : "remoteSourceControl",
      "location" : "https://github.com/microsoft/onnxruntime-swift-package-manager",
      "state" : {
        "revision" : "b7fb7f7dea8a2469e6335d95a61b8f36d0dc83b2",
        "version" : "1.24.2"
      }
    }
  ],
  "version" : 3
}
